
Microsoft Visual Studio Solution File, Format Version 12.00
# Visual Studio Version 16
VisualStudioVersion = 16.0.28803.156
MinimumVisualStudioVersion = 10.0.40219.1
Project("{FAE04EC0-301F-11D3-BF4B-00C04F79EFBC}") = "Billetera", "Billetera\Billetera.csproj", "{F5F7C475-75CE-4CB5-9FD5-100235B83959}"
EndProject
Global
	GlobalSection(SolutionConfigurationPlatforms) = preSolution
		Debug|Any CPU = Debug|Any CPU
		Release|Any CPU = Release|Any CPU
	EndGlobalSection
	GlobalSection(ProjectConfigurationPlatforms) = postSolution
		{F5F7C475-75CE-4CB5-9FD5-100235B83959}.Debug|Any CPU.ActiveCfg = Debug|Any CPU
		{F5F7C475-75CE-4CB5-9FD5-100235B83959}.Debug|Any CPU.Build.0 = Debug|Any CPU
		{F5F7C475-75CE-4CB5-9FD5-100235B83959}.Release|Any CPU.ActiveCfg = Release|Any CPU
		{F5F7C475-75CE-4CB5-9FD5-100235B83959}.Release|Any CPU.Build.0 = Release|Any CPU
	EndGlobalSection
	GlobalSection(SolutionProperties) = preSolution
		HideSolutionNode = FALSE
	EndGlobalSection
	GlobalSection(ExtensibilityGlobals) = postSolution
		SolutionGuid = {56228CC6-09D6-4070-A631-5FFEC3540459}
	EndGlobalSection
EndGlobal
